
Microsoft Visual Studio Solution File, Format Version 12.00
# Visual Studio Version 17
VisualStudioVersion = 17.14.36603.0 d17.14
MinimumVisualStudioVersion = 10.0.40219.1
Project("{FAE04EC0-301F-11D3-BF4B-00C04F79EFBC}") = "FlatFoodStats", "FlatFoodStats.csproj", "{6C018334-D262-4FDC-A5CA-91F9241A3891}"
EndProject
Global
	GlobalSection(SolutionConfigurationPlatforms) = preSolution
		Debug|Any CPU = Debug|Any CPU
		Release|Any CPU = Release|Any CPU
	EndGlobalSection
	GlobalSection(ProjectConfigurationPlatforms) = postSolution
		{6C018334-D262-4FDC-A5CA-91F9241A3891}.Debug|Any CPU.ActiveCfg = Debug|Any CPU
		{6C018334-D262-4FDC-A5CA-91F9241A3891}.Debug|Any CPU.Build.0 = Debug|Any CPU
		{6C018334-D262-4FDC-A5CA-91F9241A3891}.Release|Any CPU.ActiveCfg = Release|Any CPU
		{6C018334-D262-4FDC-A5CA-91F9241A3891}.Release|Any CPU.Build.0 = Release|Any CPU
	EndGlobalSection
	GlobalSection(SolutionProperties) = preSolution
		HideSolutionNode = FALSE
	EndGlobalSection
	GlobalSection(ExtensibilityGlobals) = postSolution
		SolutionGuid = {3BA20023-7788-459C-A96B-F466DE7F5090}
	EndGlobalSection
EndGlobal
